
Microsoft Visual Studio Solution File, Format Version 12.00
# Visual Studio 15
VisualStudioVersion = 15.0.26430.16
MinimumVisualStudioVersion = 10.0.40219.1
Project("{FAE04EC0-301F-11D3-BF4B-00C04F79EFBC}") = "SimpleBudgetFreshMvvm.Android", "SimpleBudgetFreshMvvm\SimpleBudgetFreshMvvm.Android\SimpleBudgetFreshMvvm.Android.csproj", "{D7521AB2-CCC5-4BE1-9736-ED2D94AC3F8D}"
EndProject
Project("{FAE04EC0-301F-11D3-BF4B-00C04F79EFBC}") = "SimpleBudgetFreshMvvm", "SimpleBudgetFreshMvvm\SimpleBudgetFreshMvvm\SimpleBudgetFreshMvvm.csproj", "{2D014DDC-2539-41EA-B3A4-26A10340F88F}"
EndProject
Project("{FAE04EC0-301F-11D3-BF4B-00C04F79EFBC}") = "SimpleBudgetFreshMvvm.UWP", "SimpleBudgetFreshMvvm\SimpleBudgetFreshMvvm.UWP\SimpleBudgetFreshMvvm.UWP.csproj", "{3D579BFD-193E-46D6-80EE-20341AA9C588}"
EndProject
Project("{FAE04EC0-301F-11D3-BF4B-00C04F79EFBC}") = "SimpleBudgetFreshMvvm.iOS", "SimpleBudgetFreshMvvm\SimpleBudgetFreshMvvm.iOS\SimpleBudgetFreshMvvm.iOS.csproj", "{76B27DBF-0C6F-4D6C-A440-0514D70ADD7C}"
EndProject
Global
	GlobalSection(SolutionConfigurationPlatforms) = preSolution
		Ad-Hoc|Any CPU = Ad-Hoc|Any CPU
		Ad-Hoc|ARM = Ad-Hoc|ARM
		Ad-Hoc|iPhone = Ad-Hoc|iPhone
		Ad-Hoc|iPhoneSimulator = Ad-Hoc|iPhoneSimulator
		Ad-Hoc|x64 = Ad-Hoc|x64
		Ad-Hoc|x86 = Ad-Hoc|x86
		AppStore|Any CPU = AppStore|Any CPU
		AppStore|ARM = AppStore|ARM
		AppStore|iPhone = AppStore|iPhone
		AppStore|iPhoneSimulator = AppStore|iPhoneSimulator
		AppStore|x64 = AppStore|x64
		AppStore|x86 = AppStore|x86
		Debug|Any CPU = Debug|Any CPU
		Debug|ARM = Debug|ARM
		Debug|iPhone = Debug|iPhone
		Debug|iPhoneSimulator = Debug|iPhoneSimulator
		Debug|x64 = Debug|x64
		Debug|x86 = Debug|x86
		Release|Any CPU = Release|Any CPU
		Release|ARM = Release|ARM
		Release|iPhone = Release|iPhone
		Release|iPhoneSimulator = Release|iPhoneSimulator
		Release|x64 = Release|x64
		Release|x86 = Release|x86
	EndGlobalSection
	GlobalSection(ProjectConfigurationPlatforms) = postSolution
		{D7521AB2-CCC5-4BE1-9736-ED2D94AC3F8D}.Ad-Hoc|Any CPU.ActiveCfg = Release|Any CPU
		{D7521AB2-CCC5-4BE1-9736-ED2D94AC3F8D}.Ad-Hoc|Any CPU.Build.0 = Release|Any CPU
		{D7521AB2-CCC5-4BE1-9736-ED2D94AC3F8D}.Ad-Hoc|Any CPU.Deploy.0 = Release|Any CPU
		{D7521AB2-CCC5-4BE1-9736-ED2D94AC3F8D}.Ad-Hoc|ARM.ActiveCfg = Release|Any CPU
		{D7521AB2-CCC5-4BE1-9736-ED2D94AC3F8D}.Ad-Hoc|ARM.Build.0 = Release|Any CPU
		{D7521AB2-CCC5-4BE1-9736-ED2D94AC3F8D}.Ad-Hoc|ARM.Deploy.0 = Release|Any CPU
		{D7521AB2-CCC5-4BE1-9736-ED2D94AC3F8D}.Ad-Hoc|iPhone.ActiveCfg = Release|Any CPU
		{D7521AB2-CCC5-4BE1-9736-ED2D94AC3F8D}.Ad-Hoc|iPhone.Build.0 = Release|Any CPU
		{D7521AB2-CCC5-4BE1-9736-ED2D94AC3F8D}.Ad-Hoc|iPhone.Deploy.0 = Release|Any CPU
		{D7521AB2-CCC5-4BE1-9736-ED2D94AC3F8D}.Ad-Hoc|iPhoneSimulator.ActiveCfg = Release|Any CPU
		{D7521AB2-CCC5-4BE1-9736-ED2D94AC3F8D}.Ad-Hoc|iPhoneSimulator.Build.0 = Release|Any CPU
		{D7521AB2-CCC5-4BE1-9736-ED2D94AC3F8D}.Ad-Hoc|iPhoneSimulator.Deploy.0 = Release|Any CPU
		{D7521AB2-CCC5-4BE1-9736-ED2D94AC3F8D}.Ad-Hoc|x64.ActiveCfg = Release|Any CPU
		{D7521AB2-CCC5-4BE1-9736-ED2D94AC3F8D}.Ad-Hoc|x64.Build.0 = Release|Any CPU
		{D7521AB2-CCC5-4BE1-9736-ED2D94AC3F8D}.Ad-Hoc|x64.Deploy.0 = Release|Any CPU
		{D7521AB2-CCC5-4BE1-9736-ED2D94AC3F8D}.Ad-Hoc|x86.ActiveCfg = Release|Any CPU
		{D7521AB2-CCC5-4BE1-9736-ED2D94AC3F8D}.Ad-Hoc|x86.Build.0 = Release|Any CPU
		{D7521AB2-CCC5-4BE1-9736-ED2D94AC3F8D}.Ad-Hoc|x86.Deploy.0 = Release|Any CPU
		{D7521AB2-CCC5-4BE1-9736-ED2D94AC3F8D}.AppStore|Any CPU.ActiveCfg = Release|Any CPU
		{D7521AB2-CCC5-4BE1-9736-ED2D94AC3F8D}.AppStore|Any CPU.Build.0 = Release|Any CPU
		{D7521AB2-CCC5-4BE1-9736-ED2D94AC3F8D}.AppStore|Any CPU.Deploy.0 = Release|Any CPU
		{D7521AB2-CCC5-4BE1-9736-ED2D94AC3F8D}.AppStore|ARM.ActiveCfg = Release|Any CPU
		{D7521AB2-CCC5-4BE1-9736-ED2D94AC3F8D}.AppStore|ARM.Build.0 = Release|Any CPU
		{D7521AB2-CCC5-4BE1-9736-ED2D94AC3F8D}.AppStore|ARM.Deploy.0 = Release|Any CPU
		{D7521AB2-CCC5-4BE1-9736-ED2D94AC3F8D}.AppStore|iPhone.ActiveCfg = Release|Any CPU
		{D7521AB2-CCC5-4BE1-9736-ED2D94AC3F8D}.AppStore|iPhone.Build.0 = Release|Any CPU
		{D7521AB2-CCC5-4BE1-9736-ED2D94AC3F8D}.AppStore|iPhone.Deploy.0 = Release|Any CPU
		{D7521AB2-CCC5-4BE1-9736-ED2D94AC3F8D}.AppStore|iPhoneSimulator.ActiveCfg = Release|Any CPU
		{D7521AB2-CCC5-4BE1-9736-ED2D94AC3F8D}.AppStore|iPhoneSimulator.Build.0 = Release|Any CPU
		{D7521AB2-CCC5-4BE1-9736-ED2D94AC3F8D}.AppStore|iPhoneSimulator.Deploy.0 = Release|Any CPU
		{D7521AB2-CCC5-4BE1-9736-ED2D94AC3F8D}.AppStore|x64.ActiveCfg = Release|Any CPU
		{D7521AB2-CCC5-4BE1-9736-ED2D94AC3F8D}.AppStore|x64.Build.0 = Release|Any CPU
		{D7521AB2-CCC5-4BE1-9736-ED2D94AC3F8D}.AppStore|x64.Deploy.0 = Release|Any CPU
		{D7521AB2-CCC5-4BE1-9736-ED2D94AC3F8D}.AppStore|x86.ActiveCfg = Release|Any CPU
		{D7521AB2-CCC5-4BE1-9736-ED2D94AC3F8D}.AppStore|x86.Build.0 = Release|Any CPU
		{D7521AB2-CCC5-4BE1-9736-ED2D94AC3F8D}.AppStore|x86.Deploy.0 = Release|Any CPU
		{D7521AB2-CCC5-4BE1-9736-ED2D94AC3F8D}.Debug|Any CPU.ActiveCfg = Debug|Any CPU
		{D7521AB2-CCC5-4BE1-9736-ED2D94AC3F8D}.Debug|Any CPU.Build.0 = Debug|Any CPU
		{D7521AB2-CCC5-4BE1-9736-ED2D94AC3F8D}.Debug|Any CPU.Deploy.0 = Debug|Any CPU
		{D7521AB2-CCC5-4BE1-9736-ED2D94AC3F8D}.Debug|ARM.ActiveCfg = Debug|Any CPU
		{D7521AB2-CCC5-4BE1-9736-ED2D94AC3F8D}.Debug|ARM.Build.0 = Debug|Any CPU
		{D7521AB2-CCC5-4BE1-9736-ED2D94AC3F8D}.Debug|ARM.Deploy.0 = Debug|Any CPU
		{D7521AB2-CCC5-4BE1-9736-ED2D94AC3F8D}.Debug|iPhone.ActiveCfg = Debug|Any CPU
		{D7521AB2-CCC5-4BE1-9736-ED2D94AC3F8D}.Debug|iPhone.Build.0 = Debug|Any CPU
		{D7521AB2-CCC5-4BE1-9736-ED2D94AC3F8D}.Debug|iPhone.Deploy.0 = Debug|Any CPU
		{D7521AB2-CCC5-4BE1-9736-ED2D94AC3F8D}.Debug|iPhoneSimulator.ActiveCfg = Debug|Any CPU
		{D7521AB2-CCC5-4BE1-9736-ED2D94AC3F8D}.Debug|iPhoneSimulator.Build.0 = Debug|Any CPU
		{D7521AB2-CCC5-4BE1-9736-ED2D94AC3F8D}.Debug|iPhoneSimulator.Deploy.0 = Debug|Any CPU
		{D7521AB2-CCC5-4BE1-9736-ED2D94AC3F8D}.Debug|x64.ActiveCfg = Debug|Any CPU
		{D7521AB2-CCC5-4BE1-9736-ED2D94AC3F8D}.Debug|x64.Build.0 = Debug|Any CPU
		{D7521AB2-CCC5-4BE1-9736-ED2D94AC3F8D}.Debug|x64.Deploy.0 = Debug|Any CPU
		{D7521AB2-CCC5-4BE1-9736-ED2D94AC3F8D}.Debug|x86.ActiveCfg = Debug|Any CPU
		{D7521AB2-CCC5-4BE1-9736-ED2D94AC3F8D}.Debug|x86.Build.0 = Debug|Any CPU
		{D7521AB2-CCC5-4BE1-9736-ED2D94AC3F8D}.Debug|x86.Deploy.0 = Debug|Any CPU
		{D7521AB2-CCC5-4BE1-9736-ED2D94AC3F8D}.Release|Any CPU.ActiveCfg = Release|Any CPU
		{D7521AB2-CCC5-4BE1-9736-ED2D94AC3F8D}.Release|Any CPU.Build.0 = Release|Any CPU
		{D7521AB2-CCC5-4BE1-9736-ED2D94AC3F8D}.Release|Any CPU.Deploy.0 = Release|Any CPU
		{D7521AB2-CCC5-4BE1-9736-ED2D94AC3F8D}.Release|ARM.ActiveCfg = Release|Any CPU
		{D7521AB2-CCC5-4BE1-9736-ED2D94AC3F8D}.Release|ARM.Build.0 = Release|Any CPU
		{D7521AB2-CCC5-4BE1-9736-ED2D94AC3F8D}.Release|ARM.Deploy.0 = Release|Any CPU
		{D7521AB2-CCC5-4BE1-9736-ED2D94AC3F8D}.Release|iPhone.ActiveCfg = Release|Any CPU
		{D7521AB2-CCC5-4BE1-9736-ED2D94AC3F8D}.Release|iPhone.Build.0 = Release|Any CPU
		{D7521AB2-CCC5-4BE1-9736-ED2D94AC3F8D}.Release|iPhone.Deploy.0 = Release|Any CPU
		{D7521AB2-CCC5-4BE1-9736-ED2D94AC3F8D}.Release|iPhoneSimulator.ActiveCfg = Release|Any CPU
		{D7521AB2-CCC5-4BE1-9736-ED2D94AC3F8D}.Release|iPhoneSimulator.Build.0 = Release|Any CPU
		{D7521AB2-CCC5-4BE1-9736-ED2D94AC3F8D}.Release|iPhoneSimulator.Deploy.0 = Release|Any CPU
		{D7521AB2-CCC5-4BE1-9736-ED2D94AC3F8D}.Release|x64.ActiveCfg = Release|Any CPU
		{D7521AB2-CCC5-4BE1-9736-ED2D94AC3F8D}.Release|x64.Build.0 = Release|Any CPU
		{D7521AB2-CCC5-4BE1-9736-ED2D94AC3F8D}.Release|x64.Deploy.0 = Release|Any CPU
		{D7521AB2-CCC5-4BE1-9736-ED2D94AC3F8D}.Release|x86.ActiveCfg = Release|Any CPU
		{D7521AB2-CCC5-4BE1-9736-ED2D94AC3F8D}.Release|x86.Build.0 = Release|Any CPU
		{D7521AB2-CCC5-4BE1-9736-ED2D94AC3F8D}.Release|x86.Deploy.0 = Release|Any CPU
		{2D014DDC-2539-41EA-B3A4-26A10340F88F}.Ad-Hoc|Any CPU.ActiveCfg = Release|Any CPU
		{2D014DDC-2539-41EA-B3A4-26A10340F88F}.Ad-Hoc|Any CPU.Build.0 = Release|Any CPU
		{2D014DDC-2539-41EA-B3A4-26A10340F88F}.Ad-Hoc|ARM.ActiveCfg = Release|Any CPU
		{2D014DDC-2539-41EA-B3A4-26A10340F88F}.Ad-Hoc|ARM.Build.0 = Release|Any CPU
		{2D014DDC-2539-41EA-B3A4-26A10340F88F}.Ad-Hoc|iPhone.ActiveCfg = Release|Any CPU
		{2D014DDC-2539-41EA-B3A4-26A10340F88F}.Ad-Hoc|iPhone.Build.0 = Release|Any CPU
		{2D014DDC-2539-41EA-B3A4-26A10340F88F}.Ad-Hoc|iPhoneSimulator.ActiveCfg = Release|Any CPU
		{2D014DDC-2539-41EA-B3A4-26A10340F88F}.Ad-Hoc|iPhoneSimulator.Build.0 = Release|Any CPU
		{2D014DDC-2539-41EA-B3A4-26A10340F88F}.Ad-Hoc|x64.ActiveCfg = Release|Any CPU
		{2D014DDC-2539-41EA-B3A4-26A10340F88F}.Ad-Hoc|x64.Build.0 = Release|Any CPU
		{2D014DDC-2539-41EA-B3A4-26A10340F88F}.Ad-Hoc|x86.ActiveCfg = Release|Any CPU
		{2D014DDC-2539-41EA-B3A4-26A10340F88F}.Ad-Hoc|x86.Build.0 = Release|Any CPU
		{2D014DDC-2539-41EA-B3A4-26A10340F88F}.AppStore|Any CPU.ActiveCfg = Release|Any CPU
		{2D014DDC-2539-41EA-B3A4-26A10340F88F}.AppStore|Any CPU.Build.0 = Release|Any CPU
		{2D014DDC-2539-41EA-B3A4-26A10340F88F}.AppStore|ARM.ActiveCfg = Release|Any CPU
		{2D014DDC-2539-41EA-B3A4-26A10340F88F}.AppStore|ARM.Build.0 = Release|Any CPU
		{2D014DDC-2539-41EA-B3A4-26A10340F88F}.AppStore|iPhone.ActiveCfg = Release|Any CPU
		{2D014DDC-2539-41EA-B3A4-26A10340F88F}.AppStore|iPhone.Build.0 = Release|Any CPU
		{2D014DDC-2539-41EA-B3A4-26A10340F88F}.AppStore|iPhoneSimulator.ActiveCfg = Release|Any CPU
		{2D014DDC-2539-41EA-B3A4-26A10340F88F}.AppStore|iPhoneSimulator.Build.0 = Release|Any CPU
		{2D014DDC-2539-41EA-B3A4-26A10340F88F}.AppStore|x64.ActiveCfg = Release|Any CPU
		{2D014DDC-2539-41EA-B3A4-26A10340F88F}.AppStore|x64.Build.0 = Release|Any CPU
		{2D014DDC-2539-41EA-B3A4-26A10340F88F}.AppStore|x86.ActiveCfg = Release|Any CPU
		{2D014DDC-2539-41EA-B3A4-26A10340F88F}.AppStore|x86.Build.0 = Release|Any CPU
		{2D014DDC-2539-41EA-B3A4-26A10340F88F}.Debug|Any CPU.ActiveCfg = Debug|Any CPU
		{2D014DDC-2539-41EA-B3A4-26A10340F88F}.Debug|Any CPU.Build.0 = Debug|Any CPU
		{2D014DDC-2539-41EA-B3A4-26A10340F88F}.Debug|ARM.ActiveCfg = Debug|Any CPU
		{2D014DDC-2539-41EA-B3A4-26A10340F88F}.Debug|ARM.Build.0 = Debug|Any CPU
		{2D014DDC-2539-41EA-B3A4-26A10340F88F}.Debug|iPhone.ActiveCfg = Debug|Any CPU
		{2D014DDC-2539-41EA-B3A4-26A10340F88F}.Debug|iPhone.Build.0 = Debug|Any CPU
		{2D014DDC-2539-41EA-B3A4-26A10340F88F}.Debug|iPhoneSimulator.ActiveCfg = Debug|Any CPU
		{2D014DDC-2539-41EA-B3A4-26A10340F88F}.Debug|iPhoneSimulator.Build.0 = Debug|Any CPU
		{2D014DDC-2539-41EA-B3A4-26A10340F88F}.Debug|x64.ActiveCfg = Debug|Any CPU
		{2D014DDC-2539-41EA-B3A4-26A10340F88F}.Debug|x64.Build.0 = Debug|Any CPU
		{2D014DDC-2539-41EA-B3A4-26A10340F88F}.Debug|x86.ActiveCfg = Debug|Any CPU
		{2D014DDC-2539-41EA-B3A4-26A10340F88F}.Debug|x86.Build.0 = Debug|Any CPU
		{2D014DDC-2539-41EA-B3A4-26A10340F88F}.Release|Any CPU.ActiveCfg = Release|Any CPU
		{2D014DDC-2539-41EA-B3A4-26A10340F88F}.Release|Any CPU.Build.0 = Release|Any CPU
		{2D014DDC-2539-41EA-B3A4-26A10340F88F}.Release|ARM.ActiveCfg = Release|Any CPU
		{2D014DDC-2539-41EA-B3A4-26A10340F88F}.Release|ARM.Build.0 = Release|Any CPU
		{2D014DDC-2539-41EA-B3A4-26A10340F88F}.Release|iPhone.ActiveCfg = Release|Any CPU
		{2D014DDC-2539-41EA-B3A4-26A10340F88F}.Release|iPhone.Build.0 = Release|Any CPU
		{2D014DDC-2539-41EA-B3A4-26A10340F88F}.Release|iPhoneSimulator.ActiveCfg = Release|Any CPU
		{2D014DDC-2539-41EA-B3A4-26A10340F88F}.Release|iPhoneSimulator.Build.0 = Release|Any CPU
		{2D014DDC-2539-41EA-B3A4-26A10340F88F}.Release|x64.ActiveCfg = Release|Any CPU
		{2D014DDC-2539-41EA-B3A4-26A10340F88F}.Release|x64.Build.0 = Release|Any CPU
		{2D014DDC-2539-41EA-B3A4-26A10340F88F}.Release|x86.ActiveCfg = Release|Any CPU
		{2D014DDC-2539-41EA-B3A4-26A10340F88F}.Release|x86.Build.0 = Release|Any CPU
		{3D579BFD-193E-46D6-80EE-20341AA9C588}.Ad-Hoc|Any CPU.ActiveCfg = Release|x86
		{3D579BFD-193E-46D6-80EE-20341AA9C588}.Ad-Hoc|Any CPU.Build.0 = Release|x86
		{3D579BFD-193E-46D6-80EE-20341AA9C588}.Ad-Hoc|Any CPU.Deploy.0 = Release|x86
		{3D579BFD-193E-46D6-80EE-20341AA9C588}.Ad-Hoc|ARM.ActiveCfg = Release|ARM
		{3D579BFD-193E-46D6-80EE-20341AA9C588}.Ad-Hoc|ARM.Build.0 = Release|ARM
		{3D579BFD-193E-46D6-80EE-20341AA9C588}.Ad-Hoc|ARM.Deploy.0 = Release|ARM
		{3D579BFD-193E-46D6-80EE-20341AA9C588}.Ad-Hoc|iPhone.ActiveCfg = Release|x86
		{3D579BFD-193E-46D6-80EE-20341AA9C588}.Ad-Hoc|iPhone.Build.0 = Release|x86
		{3D579BFD-193E-46D6-80EE-20341AA9C588}.Ad-Hoc|iPhone.Deploy.0 = Release|x86
		{3D579BFD-193E-46D6-80EE-20341AA9C588}.Ad-Hoc|iPhoneSimulator.ActiveCfg = Release|x86
		{3D579BFD-193E-46D6-80EE-20341AA9C588}.Ad-Hoc|iPhoneSimulator.Build.0 = Release|x86
		{3D579BFD-193E-46D6-80EE-20341AA9C588}.Ad-Hoc|iPhoneSimulator.Deploy.0 = Release|x86
		{3D579BFD-193E-46D6-80EE-20341AA9C588}.Ad-Hoc|x64.ActiveCfg = Release|x64
		{3D579BFD-193E-46D6-80EE-20341AA9C588}.Ad-Hoc|x64.Build.0 = Release|x64
		{3D579BFD-193E-46D6-80EE-20341AA9C588}.Ad-Hoc|x64.Deploy.0 = Release|x64
		{3D579BFD-193E-46D6-80EE-20341AA9C588}.Ad-Hoc|x86.ActiveCfg = Release|x86
		{3D579BFD-193E-46D6-80EE-20341AA9C588}.Ad-Hoc|x86.Build.0 = Release|x86
		{3D579BFD-193E-46D6-80EE-20341AA9C588}.Ad-Hoc|x86.Deploy.0 = Release|x86
		{3D579BFD-193E-46D6-80EE-20341AA9C588}.AppStore|Any CPU.ActiveCfg = Release|x86
		{3D579BFD-193E-46D6-80EE-20341AA9C588}.AppStore|Any CPU.Build.0 = Release|x86
		{3D579BFD-193E-46D6-80EE-20341AA9C588}.AppStore|Any CPU.Deploy.0 = Release|x86
		{3D579BFD-193E-46D6-80EE-20341AA9C588}.AppStore|ARM.ActiveCfg = Release|ARM
		{3D579BFD-193E-46D6-80EE-20341AA9C588}.AppStore|ARM.Build.0 = Release|ARM
		{3D579BFD-193E-46D6-80EE-20341AA9C588}.AppStore|ARM.Deploy.0 = Release|ARM
		{3D579BFD-193E-46D6-80EE-20341AA9C588}.AppStore|iPhone.ActiveCfg = Release|x86
		{3D579BFD-193E-46D6-80EE-20341AA9C588}.AppStore|iPhone.Build.0 = Release|x86
		{3D579BFD-193E-46D6-80EE-20341AA9C588}.AppStore|iPhone.Deploy.0 = Release|x86
		{3D579BFD-193E-46D6-80EE-20341AA9C588}.AppStore|iPhoneSimulator.ActiveCfg = Release|x86
		{3D579BFD-193E-46D6-80EE-20341AA9C588}.AppStore|iPhoneSimulator.Build.0 = Release|x86
		{3D579BFD-193E-46D6-80EE-20341AA9C588}.AppStore|iPhoneSimulator.Deploy.0 = Release|x86
		{3D579BFD-193E-46D6-80EE-20341AA9C588}.AppStore|x64.ActiveCfg = Release|x64
		{3D579BFD-193E-46D6-80EE-20341AA9C588}.AppStore|x64.Build.0 = Release|x64
		{3D579BFD-193E-46D6-80EE-20341AA9C588}.AppStore|x64.Deploy.0 = Release|x64
		{3D579BFD-193E-46D6-80EE-20341AA9C588}.AppStore|x86.ActiveCfg = Release|x86
		{3D579BFD-193E-46D6-80EE-20341AA9C588}.AppStore|x86.Build.0 = Release|x86
		{3D579BFD-193E-46D6-80EE-20341AA9C588}.AppStore|x86.Deploy.0 = Release|x86
		{3D579BFD-193E-46D6-80EE-20341AA9C588}.Debug|Any CPU.ActiveCfg = Debug|x86
		{3D579BFD-193E-46D6-80EE-20341AA9C588}.Debug|ARM.ActiveCfg = Debug|ARM
		{3D579BFD-193E-46D6-80EE-20341AA9C588}.Debug|ARM.Build.0 = Debug|ARM
		{3D579BFD-193E-46D6-80EE-20341AA9C588}.Debug|ARM.Deploy.0 = Debug|ARM
		{3D579BFD-193E-46D6-80EE-20341AA9C588}.Debug|iPhone.ActiveCfg = Debug|x86
		{3D579BFD-193E-46D6-80EE-20341AA9C588}.Debug|iPhoneSimulator.ActiveCfg = Debug|x86
		{3D579BFD-193E-46D6-80EE-20341AA9C588}.Debug|x64.ActiveCfg = Debug|x64
		{3D579BFD-193E-46D6-80EE-20341AA9C588}.Debug|x64.Build.0 = Debug|x64
		{3D579BFD-193E-46D6-80EE-20341AA9C588}.Debug|x64.Deploy.0 = Debug|x64
		{3D579BFD-193E-46D6-80EE-20341AA9C588}.Debug|x86.ActiveCfg = Debug|x86
		{3D579BFD-193E-46D6-80EE-20341AA9C588}.Debug|x86.Build.0 = Debug|x86
		{3D579BFD-193E-46D6-80EE-20341AA9C588}.Debug|x86.Deploy.0 = Debug|x86
		{3D579BFD-193E-46D6-80EE-20341AA9C588}.Release|Any CPU.ActiveCfg = Release|x86
		{3D579BFD-193E-46D6-80EE-20341AA9C588}.Release|ARM.ActiveCfg = Release|ARM
		{3D579BFD-193E-46D6-80EE-20341AA9C588}.Release|ARM.Build.0 = Release|ARM
		{3D579BFD-193E-46D6-80EE-20341AA9C588}.Release|ARM.Deploy.0 = Release|ARM
		{3D579BFD-193E-46D6-80EE-20341AA9C588}.Release|iPhone.ActiveCfg = Release|x86
		{3D579BFD-193E-46D6-80EE-20341AA9C588}.Release|iPhoneSimulator.ActiveCfg = Release|x86
		{3D579BFD-193E-46D6-80EE-20341AA9C588}.Release|x64.ActiveCfg = Release|x64
		{3D579BFD-193E-46D6-80EE-20341AA9C588}.Release|x64.Build.0 = Release|x64
		{3D579BFD-193E-46D6-80EE-20341AA9C588}.Release|x64.Deploy.0 = Release|x64
		{3D579BFD-193E-46D6-80EE-20341AA9C588}.Release|x86.ActiveCfg = Release|x86
		{3D579BFD-193E-46D6-80EE-20341AA9C588}.Release|x86.Build.0 = Release|x86
		{3D579BFD-193E-46D6-80EE-20341AA9C588}.Release|x86.Deploy.0 = Release|x86
		{76B27DBF-0C6F-4D6C-A440-0514D70ADD7C}.Ad-Hoc|Any CPU.ActiveCfg = Ad-Hoc|iPhone
		{76B27DBF-0C6F-4D6C-A440-0514D70ADD7C}.Ad-Hoc|ARM.ActiveCfg = Ad-Hoc|iPhone
		{76B27DBF-0C6F-4D6C-A440-0514D70ADD7C}.Ad-Hoc|iPhone.ActiveCfg = Ad-Hoc|iPhone
		{76B27DBF-0C6F-4D6C-A440-0514D70ADD7C}.Ad-Hoc|iPhone.Build.0 = Ad-Hoc|iPhone
		{76B27DBF-0C6F-4D6C-A440-0514D70ADD7C}.Ad-Hoc|iPhoneSimulator.ActiveCfg = Ad-Hoc|iPhoneSimulator
		{76B27DBF-0C6F-4D6C-A440-0514D70ADD7C}.Ad-Hoc|iPhoneSimulator.Build.0 = Ad-Hoc|iPhoneSimulator
		{76B27DBF-0C6F-4D6C-A440-0514D70ADD7C}.Ad-Hoc|x64.ActiveCfg = Ad-Hoc|iPhone
		{76B27DBF-0C6F-4D6C-A440-0514D70ADD7C}.Ad-Hoc|x86.ActiveCfg = Ad-Hoc|iPhone
		{76B27DBF-0C6F-4D6C-A440-0514D70ADD7C}.AppStore|Any CPU.ActiveCfg = AppStore|iPhone
		{76B27DBF-0C6F-4D6C-A440-0514D70ADD7C}.AppStore|ARM.ActiveCfg = AppStore|iPhone
		{76B27DBF-0C6F-4D6C-A440-0514D70ADD7C}.AppStore|iPhone.ActiveCfg = AppStore|iPhone
		{76B27DBF-0C6F-4D6C-A440-0514D70ADD7C}.AppStore|iPhone.Build.0 = AppStore|iPhone
		{76B27DBF-0C6F-4D6C-A440-0514D70ADD7C}.AppStore|iPhoneSimulator.ActiveCfg = AppStore|iPhoneSimulator
		{76B27DBF-0C6F-4D6C-A440-0514D70ADD7C}.AppStore|iPhoneSimulator.Build.0 = AppStore|iPhoneSimulator
		{76B27DBF-0C6F-4D6C-A440-0514D70ADD7C}.AppStore|x64.ActiveCfg = AppStore|iPhone
		{76B27DBF-0C6F-4D6C-A440-0514D70ADD7C}.AppStore|x86.ActiveCfg = AppStore|iPhone
		{76B27DBF-0C6F-4D6C-A440-0514D70ADD7C}.Debug|Any CPU.ActiveCfg = Debug|iPhone
		{76B27DBF-0C6F-4D6C-A440-0514D70ADD7C}.Debug|ARM.ActiveCfg = Debug|iPhone
		{76B27DBF-0C6F-4D6C-A440-0514D70ADD7C}.Debug|iPhone.ActiveCfg = Debug|iPhone
		{76B27DBF-0C6F-4D6C-A440-0514D70ADD7C}.Debug|iPhone.Build.0 = Debug|iPhone
		{76B27DBF-0C6F-4D6C-A440-0514D70ADD7C}.Debug|iPhoneSimulator.ActiveCfg = Debug|iPhoneSimulator
		{76B27DBF-0C6F-4D6C-A440-0514D70ADD7C}.Debug|iPhoneSimulator.Build.0 = Debug|iPhoneSimulator
		{76B27DBF-0C6F-4D6C-A440-0514D70ADD7C}.Debug|x64.ActiveCfg = Debug|iPhone
		{76B27DBF-0C6F-4D6C-A440-0514D70ADD7C}.Debug|x86.ActiveCfg = Debug|iPhone
		{76B27DBF-0C6F-4D6C-A440-0514D70ADD7C}.Release|Any CPU.ActiveCfg = Release|iPhone
		{76B27DBF-0C6F-4D6C-A440-0514D70ADD7C}.Release|ARM.ActiveCfg = Release|iPhone
		{76B27DBF-0C6F-4D6C-A440-0514D70ADD7C}.Release|iPhone.ActiveCfg = Release|iPhone
		{76B27DBF-0C6F-4D6C-A440-0514D70ADD7C}.Release|iPhone.Build.0 = Release|iPhone
		{76B27DBF-0C6F-4D6C-A440-0514D70ADD7C}.Release|iPhoneSimulator.ActiveCfg = Release|iPhoneSimulator
		{76B27DBF-0C6F-4D6C-A440-0514D70ADD7C}.Release|iPhoneSimulator.Build.0 = Release|iPhoneSimulator
		{76B27DBF-0C6F-4D6C-A440-0514D70ADD7C}.Release|x64.ActiveCfg = Release|iPhone
		{76B27DBF-0C6F-4D6C-A440-0514D70ADD7C}.Release|x86.ActiveCfg = Release|iPhone
	EndGlobalSection
	GlobalSection(SolutionProperties) = preSolution
		HideSolutionNode = FALSE
	EndGlobalSection
EndGlobal
